{
  "lockfileVersion": 2,
  "configVersion": 1,
  "workspaces": {
    "": {
      "name": "bench-hono-bun",
      "dependencies": {
        "hono": "^4.13.4",
      },
    },
  },
  "packages": {
    "hono": ["hono@4.13.4", "", {}, "sha512-AGEwKIyRMHRv1t8Wjwa3LHxQ61X5CqrdFT+4BRNTpqS5aJNnpl5WLjADb7vFlJzI/8uK7T5QLVApCMQKNa3LgQ=="],
  }
}
