{
  "lockfileVersion": 2,
  "configVersion": 1,
  "workspaces": {
    "": {
      "name": "bench-h3-bun",
      "dependencies": {
        "h3": "^2.0.1-rc.29",
      },
    },
  },
  "packages": {
    "h3": ["h3@2.0.1-rc.29", "", { "dependencies": { "rou3": "^0.9.2", "srvx": "^0.12.7" }, "peerDependencies": { "crossws": "^0.4.12", "ocache": ">=0.3.0" }, "optionalPeers": ["crossws", "ocache"], "bin": { "h3": "bin/h3.mjs" } }, "sha512-woEUYLvpUa9SzbBGOYn3GfsK/EU7JhoUeNc49B2an6mcO1aqg7P8VvWVUfa5Vkb8FxBh9ZAkU+/rJ5m5pTULUA=="],

    "rou3": ["rou3@0.9.2", "", {}, "sha512-3SOzvaAg8rkHrXtRjpCvCvbyO5to9oOO27Z/XqHEYXfMRVSw/qMIVdmaOk9W2lcRLtR6dlqTjo9hDeJk70QBYQ=="],

    "srvx": ["srvx@0.12.7", "", { "bin": { "srvx": "bin/srvx.mjs" } }, "sha512-PIaq1pDGg3EU2OGSN3pzRfYVu9MJDzLdojlGN6E3lvhAdxqn/lNMJFMA1xGA38jYkBb0V9xw02QEVVMDb0PExA=="],
  }
}
